// !$*UTF8*$!
{
	archiveVersion = 1;
	classes = {
	};
	objectVersion = 55;
	objects = {

/* Begin PBXBuildFile section */
		325854622993895C003C2C66 /* publishSubject.swift in Sources */ = {isa = PBXBuildFile; fileRef = 325854612993895C003C2C66 /* publishSubject.swift */; };
		32585464299396B7003C2C66 /* behaviuorSubject.swift in Sources */ = {isa = PBXBuildFile; fileRef = 32585463299396B7003C2C66 /* behaviuorSubject.swift */; };
		325854672994ACC0003C2C66 /* GradView.swift in Sources */ = {isa = PBXBuildFile; fileRef = 325854662994ACC0003C2C66 /* GradView.swift */; };
		32D5C3F42803DEFC006AF5C9 /* AppDelegate.swift in Sources */ = {isa = PBXBuildFile; fileRef = 32D5C3F32803DEFC006AF5C9 /* AppDelegate.swift */; };
		32D5C3F62803DEFC006AF5C9 /* SceneDelegate.swift in Sources */ = {isa = PBXBuildFile; fileRef = 32D5C3F52803DEFC006AF5C9 /* SceneDelegate.swift */; };
		32D5C3F82803DEFC006AF5C9 /* ViewController.swift in Sources */ = {isa = PBXBuildFile; fileRef = 32D5C3F72803DEFC006AF5C9 /* ViewController.swift */; };
		32D5C3FB2803DEFC006AF5C9 /* Main.storyboard in Resources */ = {isa = PBXBuildFile; fileRef = 32D5C3F92803DEFC006AF5C9 /* Main.storyboard */; };
		32D5C3FD2803DEFE006AF5C9 /* Assets.xcassets in Resources */ = {isa = PBXBuildFile; fileRef = 32D5C3FC2803DEFE006AF5C9 /* Assets.xcassets */; };
		32D5C4002803DEFE006AF5C9 /* LaunchScreen.storyboard in Resources */ = {isa = PBXBuildFile; fileRef = 32D5C3FE2803DEFE006AF5C9 /* LaunchScreen.storyboard */; };
		32D5C40B2803DEFF006AF5C9 /* rx_swift_playgroundTests.swift in Sources */ = {isa = PBXBuildFile; fileRef = 32D5C40A2803DEFF006AF5C9 /* rx_swift_playgroundTests.swift */; };
		32D5C4152803DEFF006AF5C9 /* rx_swift_playgroundUITests.swift in Sources */ = {isa = PBXBuildFile; fileRef = 32D5C4142803DEFF006AF5C9 /* rx_swift_playgroundUITests.swift */; };
		32D5C4172803DEFF006AF5C9 /* rx_swift_playgroundUITestsLaunchTests.swift in Sources */ = {isa = PBXBuildFile; fileRef = 32D5C4162803DEFF006AF5C9 /* rx_swift_playgroundUITestsLaunchTests.swift */; };
		32F96A5B29952E9600AF286B /* ApiManager.swift in Sources */ = {isa = PBXBuildFile; fileRef = 32F96A5A29952E9600AF286B /* ApiManager.swift */; };
		32F96A5D299537B200AF286B /* Endpoint.swift in Sources */ = {isa = PBXBuildFile; fileRef = 32F96A5C299537B200AF286B /* Endpoint.swift */; };
		32F96A5F2995461600AF286B /* BaseConstant.swift in Sources */ = {isa = PBXBuildFile; fileRef = 32F96A5E2995461600AF286B /* BaseConstant.swift */; };
		784FC230E325E1C9FC1679E8 /* libPods-rx-swift-playground-rx-swift-playgroundTests.a in Frameworks */ = {isa = PBXBuildFile; fileRef = D6DC0D6AC6D3CFDA9E14BD7E /* libPods-rx-swift-playground-rx-swift-playgroundTests.a */; };
		C56DE3C669F5E30C07B8A739 /* libPods-rx-swift-playground.a in Frameworks */ = {isa = PBXBuildFile; fileRef = 79582280BA21BCC730CE66BE /* libPods-rx-swift-playground.a */; };
/* End PBXBuildFile section */

/* Begin PBXContainerItemProxy section */
		32D5C4072803DEFF006AF5C9 /* PBXContainerItemProxy */ = {
			isa = PBXContainerItemProxy;
			containerPortal = 32D5C3E82803DEFC006AF5C9 /* Project object */;
			proxyType = 1;
			remoteGlobalIDString = 32D5C3EF2803DEFC006AF5C9;
			remoteInfo = "rx-swift-playground";
		};
		32D5C4112803DEFF006AF5C9 /* PBXContainerItemProxy */ = {
			isa = PBXContainerItemProxy;
			containerPortal = 32D5C3E82803DEFC006AF5C9 /* Project object */;
			proxyType = 1;
			remoteGlobalIDString = 32D5C3EF2803DEFC006AF5C9;
			remoteInfo = "rx-swift-playground";
		};
/* End PBXContainerItemProxy section */

/* Begin PBXFileReference section */
		0C6AFFF0022B32220562C455 /* Pods-rx-swift-playground-rx-swift-playgroundTests.debug.xcconfig */ = {isa = PBXFileReference; includeInIndex = 1; lastKnownFileType = text.xcconfig; name = "Pods-rx-swift-playground-rx-swift-playgroundTests.debug.xcconfig"; path = "Target Support Files/Pods-rx-swift-playground-rx-swift-playgroundTests/Pods-rx-swift-playground-rx-swift-playgroundTests.debug.xcconfig"; sourceTree = "<group>"; };
		2A66A97CE4D525378097D6FE /* Pods-rx-swift-playground.release.xcconfig */ = {isa = PBXFileReference; includeInIndex = 1; lastKnownFileType = text.xcconfig; name = "Pods-rx-swift-playground.release.xcconfig"; path = "Target Support Files/Pods-rx-swift-playground/Pods-rx-swift-playground.release.xcconfig"; sourceTree = "<group>"; };
		325854612993895C003C2C66 /* publishSubject.swift */ = {isa = PBXFileReference; lastKnownFileType = sourcecode.swift; path = publishSubject.swift; sourceTree = "<group>"; };
		32585463299396B7003C2C66 /* behaviuorSubject.swift */ = {isa = PBXFileReference; lastKnownFileType = sourcecode.swift; path = behaviuorSubject.swift; sourceTree = "<group>"; };
		325854662994ACC0003C2C66 /* GradView.swift */ = {isa = PBXFileReference; lastKnownFileType = sourcecode.swift; path = GradView.swift; sourceTree = "<group>"; };
		32D5C3F02803DEFC006AF5C9 /* rx-swift-playground.app */ = {isa = PBXFileReference; explicitFileType = wrapper.application; includeInIndex = 0; path = "rx-swift-playground.app"; sourceTree = BUILT_PRODUCTS_DIR; };
		32D5C3F32803DEFC006AF5C9 /* AppDelegate.swift */ = {isa = PBXFileReference; lastKnownFileType = sourcecode.swift; path = AppDelegate.swift; sourceTree = "<group>"; };
		32D5C3F52803DEFC006AF5C9 /* SceneDelegate.swift */ = {isa = PBXFileReference; lastKnownFileType = sourcecode.swift; path = SceneDelegate.swift; sourceTree = "<group>"; };
		32D5C3F72803DEFC006AF5C9 /* ViewController.swift */ = {isa = PBXFileReference; lastKnownFileType = sourcecode.swift; path = ViewController.swift; sourceTree = "<group>"; };
		32D5C3FA2803DEFC006AF5C9 /* Base */ = {isa = PBXFileReference; lastKnownFileType = file.storyboard; name = Base; path = Base.lproj/Main.storyboard; sourceTree = "<group>"; };
		32D5C3FC2803DEFE006AF5C9 /* Assets.xcassets */ = {isa = PBXFileReference; lastKnownFileType = folder.assetcatalog; path = Assets.xcassets; sourceTree = "<group>"; };
		32D5C3FF2803DEFE006AF5C9 /* Base */ = {isa = PBXFileReference; lastKnownFileType = file.storyboard; name = Base; path = Base.lproj/LaunchScreen.storyboard; sourceTree = "<group>"; };
		32D5C4012803DEFE006AF5C9 /* Info.plist */ = {isa = PBXFileReference; lastKnownFileType = text.plist.xml; path = Info.plist; sourceTree = "<group>"; };
		32D5C4062803DEFF006AF5C9 /* rx-swift-playgroundTests.xctest */ = {isa = PBXFileReference; explicitFileType = wrapper.cfbundle; includeInIndex = 0; path = "rx-swift-playgroundTests.xctest"; sourceTree = BUILT_PRODUCTS_DIR; };
		32D5C40A2803DEFF006AF5C9 /* rx_swift_playgroundTests.swift */ = {isa = PBXFileReference; lastKnownFileType = sourcecode.swift; path = rx_swift_playgroundTests.swift; sourceTree = "<group>"; };
		32D5C4102803DEFF006AF5C9 /* rx-swift-playgroundUITests.xctest */ = {isa = PBXFileReference; explicitFileType = wrapper.cfbundle; includeInIndex = 0; path = "rx-swift-playgroundUITests.xctest"; sourceTree = BUILT_PRODUCTS_DIR; };
		32D5C4142803DEFF006AF5C9 /* rx_swift_playgroundUITests.swift */ = {isa = PBXFileReference; lastKnownFileType = sourcecode.swift; path = rx_swift_playgroundUITests.swift; sourceTree = "<group>"; };
		32D5C4162803DEFF006AF5C9 /* rx_swift_playgroundUITestsLaunchTests.swift */ = {isa = PBXFileReference; lastKnownFileType = sourcecode.swift; path = rx_swift_playgroundUITestsLaunchTests.swift; sourceTree = "<group>"; };
		32F96A5A29952E9600AF286B /* ApiManager.swift */ = {isa = PBXFileReference; lastKnownFileType = sourcecode.swift; path = ApiManager.swift; sourceTree = "<group>"; };
		32F96A5C299537B200AF286B /* Endpoint.swift */ = {isa = PBXFileReference; lastKnownFileType = sourcecode.swift; path = Endpoint.swift; sourceTree = "<group>"; };
		32F96A5E2995461600AF286B /* BaseConstant.swift */ = {isa = PBXFileReference; lastKnownFileType = sourcecode.swift; path = BaseConstant.swift; sourceTree = "<group>"; };
		79582280BA21BCC730CE66BE /* libPods-rx-swift-playground.a */ = {isa = PBXFileReference; explicitFileType = archive.ar; includeInIndex = 0; path = "libPods-rx-swift-playground.a"; sourceTree = BUILT_PRODUCTS_DIR; };
		D1DA0F6CF1B206B1E5375EEB /* Pods-rx-swift-playground.debug.xcconfig */ = {isa = PBXFileReference; includeInIndex = 1; lastKnownFileType = text.xcconfig; name = "Pods-rx-swift-playground.debug.xcconfig"; path = "Target Support Files/Pods-rx-swift-playground/Pods-rx-swift-playground.debug.xcconfig"; sourceTree = "<group>"; };
		D6DC0D6AC6D3CFDA9E14BD7E /* libPods-rx-swift-playground-rx-swift-playgroundTests.a */ = {isa = PBXFileReference; explicitFileType = archive.ar; includeInIndex = 0; path = "libPods-rx-swift-playground-rx-swift-playgroundTests.a"; sourceTree = BUILT_PRODUCTS_DIR; };
		DFBC7BED65F928988EC14D70 /* Pods-rx-swift-playgroundTests.release.xcconfig */ = {isa = PBXFileReference; includeInIndex = 1; lastKnownFileType = text.xcconfig; name = "Pods-rx-swift-playgroundTests.release.xcconfig"; path = "Target Support Files/Pods-rx-swift-playgroundTests/Pods-rx-swift-playgroundTests.release.xcconfig"; sourceTree = "<group>"; };
		F112C5B439D8D948989229AC /* Pods-rx-swift-playgroundTests.debug.xcconfig */ = {isa = PBXFileReference; includeInIndex = 1; lastKnownFileType = text.xcconfig; name = "Pods-rx-swift-playgroundTests.debug.xcconfig"; path = "Target Support Files/Pods-rx-swift-playgroundTests/Pods-rx-swift-playgroundTests.debug.xcconfig"; sourceTree = "<group>"; };
		F55BB2BF92D54D4A6E00C8BF /* Pods-rx-swift-playground-rx-swift-playgroundTests.release.xcconfig */ = {isa = PBXFileReference; includeInIndex = 1; lastKnownFileType = text.xcconfig; name = "Pods-rx-swift-playground-rx-swift-playgroundTests.release.xcconfig"; path = "Target Support Files/Pods-rx-swift-playground-rx-swift-playgroundTests/Pods-rx-swift-playground-rx-swift-playgroundTests.release.xcconfig"; sourceTree = "<group>"; };
/* End PBXFileReference section */

/* Begin PBXFrameworksBuildPhase section */
		32D5C3ED2803DEFC006AF5C9 /* Frameworks */ = {
			isa = PBXFrameworksBuildPhase;
			buildActionMask = 2147483647;
			files = (
				C56DE3C669F5E30C07B8A739 /* libPods-rx-swift-playground.a in Frameworks */,
			);
			runOnlyForDeploymentPostprocessing = 0;
		};
		32D5C4032803DEFF006AF5C9 /* Frameworks */ = {
			isa = PBXFrameworksBuildPhase;
			buildActionMask = 2147483647;
			files = (
				784FC230E325E1C9FC1679E8 /* libPods-rx-swift-playground-rx-swift-playgroundTests.a in Frameworks */,
			);
			runOnlyForDeploymentPostprocessing = 0;
		};
		32D5C40D2803DEFF006AF5C9 /* Frameworks */ = {
			isa = PBXFrameworksBuildPhase;
			buildActionMask = 2147483647;
			files = (
			);
			runOnlyForDeploymentPostprocessing = 0;
		};
/* End PBXFrameworksBuildPhase section */

/* Begin PBXGroup section */
		0F06A4109D6CB19B848AFE06 /* Pods */ = {
			isa = PBXGroup;
			children = (
				D1DA0F6CF1B206B1E5375EEB /* Pods-rx-swift-playground.debug.xcconfig */,
				2A66A97CE4D525378097D6FE /* Pods-rx-swift-playground.release.xcconfig */,
				0C6AFFF0022B32220562C455 /* Pods-rx-swift-playground-rx-swift-playgroundTests.debug.xcconfig */,
				F55BB2BF92D54D4A6E00C8BF /* Pods-rx-swift-playground-rx-swift-playgroundTests.release.xcconfig */,
				F112C5B439D8D948989229AC /* Pods-rx-swift-playgroundTests.debug.xcconfig */,
				DFBC7BED65F928988EC14D70 /* Pods-rx-swift-playgroundTests.release.xcconfig */,
			);
			path = Pods;
			sourceTree = "<group>";
		};
		325854652994ACA6003C2C66 /* common */ = {
			isa = PBXGroup;
			children = (
				325854662994ACC0003C2C66 /* GradView.swift */,
			);
			path = common;
			sourceTree = "<group>";
		};
		32D5C3E72803DEFC006AF5C9 = {
			isa = PBXGroup;
			children = (
				32D5C3F22803DEFC006AF5C9 /* rx-swift-playground */,
				32D5C4092803DEFF006AF5C9 /* rx-swift-playgroundTests */,
				32D5C4132803DEFF006AF5C9 /* rx-swift-playgroundUITests */,
				32D5C3F12803DEFC006AF5C9 /* Products */,
				0F06A4109D6CB19B848AFE06 /* Pods */,
				3884CD92A0ABA52657637224 /* Frameworks */,
			);
			sourceTree = "<group>";
		};
		32D5C3F12803DEFC006AF5C9 /* Products */ = {
			isa = PBXGroup;
			children = (
				32D5C3F02803DEFC006AF5C9 /* rx-swift-playground.app */,
				32D5C4062803DEFF006AF5C9 /* rx-swift-playgroundTests.xctest */,
				32D5C4102803DEFF006AF5C9 /* rx-swift-playgroundUITests.xctest */,
			);
			name = Products;
			sourceTree = "<group>";
		};
		32D5C3F22803DEFC006AF5C9 /* rx-swift-playground */ = {
			isa = PBXGroup;
			children = (
				32F96A5929952E7B00AF286B /* Network */,
				325854652994ACA6003C2C66 /* common */,
				32D5C3F32803DEFC006AF5C9 /* AppDelegate.swift */,
				32D5C3F52803DEFC006AF5C9 /* SceneDelegate.swift */,
				32D5C3F72803DEFC006AF5C9 /* ViewController.swift */,
				32D5C3F92803DEFC006AF5C9 /* Main.storyboard */,
				32D5C3FC2803DEFE006AF5C9 /* Assets.xcassets */,
				32D5C3FE2803DEFE006AF5C9 /* LaunchScreen.storyboard */,
				32D5C4012803DEFE006AF5C9 /* Info.plist */,
				325854612993895C003C2C66 /* publishSubject.swift */,
				32585463299396B7003C2C66 /* behaviuorSubject.swift */,
			);
			path = "rx-swift-playground";
			sourceTree = "<group>";
		};
		32D5C4092803DEFF006AF5C9 /* rx-swift-playgroundTests */ = {
			isa = PBXGroup;
			children = (
				32D5C40A2803DEFF006AF5C9 /* rx_swift_playgroundTests.swift */,
			);
			path = "rx-swift-playgroundTests";
			sourceTree = "<group>";
		};
		32D5C4132803DEFF006AF5C9 /* rx-swift-playgroundUITests */ = {
			isa = PBXGroup;
			children = (
				32D5C4142803DEFF006AF5C9 /* rx_swift_playgroundUITests.swift */,
				32D5C4162803DEFF006AF5C9 /* rx_swift_playgroundUITestsLaunchTests.swift */,
			);
			path = "rx-swift-playgroundUITests";
			sourceTree = "<group>";
		};
		32F96A5929952E7B00AF286B /* Network */ = {
			isa = PBXGroup;
			children = (
				32F96A5A29952E9600AF286B /* ApiManager.swift */,
				32F96A5C299537B200AF286B /* Endpoint.swift */,
				32F96A5E2995461600AF286B /* BaseConstant.swift */,
			);
			path = Network;
			sourceTree = "<group>";
		};
		3884CD92A0ABA52657637224 /* Frameworks */ = {
			isa = PBXGroup;
			children = (
				79582280BA21BCC730CE66BE /* libPods-rx-swift-playground.a */,
				D6DC0D6AC6D3CFDA9E14BD7E /* libPods-rx-swift-playground-rx-swift-playgroundTests.a */,
			);
			name = Frameworks;
			sourceTree = "<group>";
		};
/* End PBXGroup section */

/* Begin PBXNativeTarget section */
		32D5C3EF2803DEFC006AF5C9 /* rx-swift-playground */ = {
			isa = PBXNativeTarget;
			buildConfigurationList = 32D5C41A2803DEFF006AF5C9 /* Build configuration list for PBXNativeTarget "rx-swift-playground" */;
			buildPhases = (
				4AFDFEE7454E4482CE60CECD /* [CP] Check Pods Manifest.lock */,
				32D5C3EC2803DEFC006AF5C9 /* Sources */,
				32D5C3ED2803DEFC006AF5C9 /* Frameworks */,
				32D5C3EE2803DEFC006AF5C9 /* Resources */,
			);
			buildRules = (
			);
			dependencies = (
			);
			name = "rx-swift-playground";
			productName = "rx-swift-playground";
			productReference = 32D5C3F02803DEFC006AF5C9 /* rx-swift-playground.app */;
			productType = "com.apple.product-type.application";
		};
		32D5C4052803DEFF006AF5C9 /* rx-swift-playgroundTests */ = {
			isa = PBXNativeTarget;
			buildConfigurationList = 32D5C41D2803DEFF006AF5C9 /* Build configuration list for PBXNativeTarget "rx-swift-playgroundTests" */;
			buildPhases = (
				1CEB76B478AB9395A9AEDE21 /* [CP] Check Pods Manifest.lock */,
				32D5C4022803DEFF006AF5C9 /* Sources */,
				32D5C4032803DEFF006AF5C9 /* Frameworks */,
				32D5C4042803DEFF006AF5C9 /* Resources */,
			);
			buildRules = (
			);
			dependencies = (
				32D5C4082803DEFF006AF5C9 /* PBXTargetDependency */,
			);
			name = "rx-swift-playgroundTests";
			productName = "rx-swift-playgroundTests";
			productReference = 32D5C4062803DEFF006AF5C9 /* rx-swift-playgroundTests.xctest */;
			productType = "com.apple.product-type.bundle.unit-test";
		};
		32D5C40F2803DEFF006AF5C9 /* rx-swift-playgroundUITests */ = {
			isa = PBXNativeTarget;
			buildConfigurationList = 32D5C4202803DEFF006AF5C9 /* Build configuration list for PBXNativeTarget "rx-swift-playgroundUITests" */;
			buildPhases = (
				32D5C40C2803DEFF006AF5C9 /* Sources */,
				32D5C40D2803DEFF006AF5C9 /* Frameworks */,
				32D5C40E2803DEFF006AF5C9 /* Resources */,
			);
			buildRules = (
			);
			dependencies = (
				32D5C4122803DEFF006AF5C9 /* PBXTargetDependency */,
			);
			name = "rx-swift-playgroundUITests";
			productName = "rx-swift-playgroundUITests";
			productReference = 32D5C4102803DEFF006AF5C9 /* rx-swift-playgroundUITests.xctest */;
			productType = "com.apple.product-type.bundle.ui-testing";
		};
/* End PBXNativeTarget section */

/* Begin PBXProject section */
		32D5C3E82803DEFC006AF5C9 /* Project object */ = {
			isa = PBXProject;
			attributes = {
				BuildIndependentTargetsInParallel = 1;
				LastSwiftUpdateCheck = 1320;
				LastUpgradeCheck = 1320;
				TargetAttributes = {
					32D5C3EF2803DEFC006AF5C9 = {
						CreatedOnToolsVersion = 13.2.1;
					};
					32D5C4052803DEFF006AF5C9 = {
						CreatedOnToolsVersion = 13.2.1;
						TestTargetID = 32D5C3EF2803DEFC006AF5C9;
					};
					32D5C40F2803DEFF006AF5C9 = {
						CreatedOnToolsVersion = 13.2.1;
						TestTargetID = 32D5C3EF2803DEFC006AF5C9;
					};
				};
			};
			buildConfigurationList = 32D5C3EB2803DEFC006AF5C9 /* Build configuration list for PBXProject "rx-swift-playground" */;
			compatibilityVersion = "Xcode 13.0";
			developmentRegion = en;
			hasScannedForEncodings = 0;
			knownRegions = (
				en,
				Base,
			);
			mainGroup = 32D5C3E72803DEFC006AF5C9;
			productRefGroup = 32D5C3F12803DEFC006AF5C9 /* Products */;
			projectDirPath = "";
			projectRoot = "";
			targets = (
				32D5C3EF2803DEFC006AF5C9 /* rx-swift-playground */,
				32D5C4052803DEFF006AF5C9 /* rx-swift-playgroundTests */,
				32D5C40F2803DEFF006AF5C9 /* rx-swift-playgroundUITests */,
			);
		};
/* End PBXProject section */

/* Begin PBXResourcesBuildPhase section */
		32D5C3EE2803DEFC006AF5C9 /* Resources */ = {
			isa = PBXResourcesBuildPhase;
			buildActionMask = 2147483647;
			files = (
				32D5C4002803DEFE006AF5C9 /* LaunchScreen.storyboard in Resources */,
				32D5C3FD2803DEFE006AF5C9 /* Assets.xcassets in Resources */,
				32D5C3FB2803DEFC006AF5C9 /* Main.storyboard in Resources */,
			);
			runOnlyForDeploymentPostprocessing = 0;
		};
		32D5C4042803DEFF006AF5C9 /* Resources */ = {
			isa = PBXResourcesBuildPhase;
			buildActionMask = 2147483647;
			files = (
			);
			runOnlyForDeploymentPostprocessing = 0;
		};
		32D5C40E2803DEFF006AF5C9 /* Resources */ = {
			isa = PBXResourcesBuildPhase;
			buildActionMask = 2147483647;
			files = (
			);
			runOnlyForDeploymentPostprocessing = 0;
		};
/* End PBXResourcesBuildPhase section */

/* Begin PBXShellScriptBuildPhase section */
		1CEB76B478AB9395A9AEDE21 /* [CP] Check Pods Manifest.lock */ = {
			isa = PBXShellScriptBuildPhase;
			buildActionMask = 2147483647;
			files = (
			);
			inputFileListPaths = (
			);
			inputPaths = (
				"${PODS_PODFILE_DIR_PATH}/Podfile.lock",
				"${PODS_ROOT}/Manifest.lock",
			);
			name = "[CP] Check Pods Manifest.lock";
			outputFileListPaths = (
			);
			outputPaths = (
				"$(DERIVED_FILE_DIR)/Pods-rx-swift-playground-rx-swift-playgroundTests-checkManifestLockResult.txt",
			);
			runOnlyForDeploymentPostprocessing = 0;
			shellPath = /bin/sh;
			shellScript = "diff \"${PODS_PODFILE_DIR_PATH}/Podfile.lock\" \"${PODS_ROOT}/Manifest.lock\" > /dev/null\nif [ $? != 0 ] ; then\n    # print error to STDERR\n    echo \"error: The sandbox is not in sync with the Podfile.lock. Run 'pod install' or update your CocoaPods installation.\" >&2\n    exit 1\nfi\n# This output is used by Xcode 'outputs' to avoid re-running this script phase.\necho \"SUCCESS\" > \"${SCRIPT_OUTPUT_FILE_0}\"\n";
			showEnvVarsInLog = 0;
		};
		4AFDFEE7454E4482CE60CECD /* [CP] Check Pods Manifest.lock */ = {
			isa = PBXShellScriptBuildPhase;
			buildActionMask = 2147483647;
			files = (
			);
			inputFileListPaths = (
			);
			inputPaths = (
				"${PODS_PODFILE_DIR_PATH}/Podfile.lock",
				"${PODS_ROOT}/Manifest.lock",
			);
			name = "[CP] Check Pods Manifest.lock";
			outputFileListPaths = (
			);
			outputPaths = (
				"$(DERIVED_FILE_DIR)/Pods-rx-swift-playground-checkManifestLockResult.txt",
			);
			runOnlyForDeploymentPostprocessing = 0;
			shellPath = /bin/sh;
			shellScript = "diff \"${PODS_PODFILE_DIR_PATH}/Podfile.lock\" \"${PODS_ROOT}/Manifest.lock\" > /dev/null\nif [ $? != 0 ] ; then\n    # print error to STDERR\n    echo \"error: The sandbox is not in sync with the Podfile.lock. Run 'pod install' or update your CocoaPods installation.\" >&2\n    exit 1\nfi\n# This output is used by Xcode 'outputs' to avoid re-running this script phase.\necho \"SUCCESS\" > \"${SCRIPT_OUTPUT_FILE_0}\"\n";
			showEnvVarsInLog = 0;
		};
/* End PBXShellScriptBuildPhase section */

/* Begin PBXSourcesBuildPhase section */
		32D5C3EC2803DEFC006AF5C9 /* Sources */ = {
			isa = PBXSourcesBuildPhase;
			buildActionMask = 2147483647;
			files = (
				325854672994ACC0003C2C66 /* GradView.swift in Sources */,
				32585464299396B7003C2C66 /* behaviuorSubject.swift in Sources */,
				32F96A5D299537B200AF286B /* Endpoint.swift in Sources */,
				32D5C3F82803DEFC006AF5C9 /* ViewController.swift in Sources */,
				32F96A5F2995461600AF286B /* BaseConstant.swift in Sources */,
				32F96A5B29952E9600AF286B /* ApiManager.swift in Sources */,
				32D5C3F42803DEFC006AF5C9 /* AppDelegate.swift in Sources */,
				325854622993895C003C2C66 /* publishSubject.swift in Sources */,
				32D5C3F62803DEFC006AF5C9 /* SceneDelegate.swift in Sources */,
			);
			runOnlyForDeploymentPostprocessing = 0;
		};
		32D5C4022803DEFF006AF5C9 /* Sources */ = {
			isa = PBXSourcesBuildPhase;
			buildActionMask = 2147483647;
			files = (
				32D5C40B2803DEFF006AF5C9 /* rx_swift_playgroundTests.swift in Sources */,
			);
			runOnlyForDeploymentPostprocessing = 0;
		};
		32D5C40C2803DEFF006AF5C9 /* Sources */ = {
			isa = PBXSourcesBuildPhase;
			buildActionMask = 2147483647;
			files = (
				32D5C4152803DEFF006AF5C9 /* rx_swift_playgroundUITests.swift in Sources */,
				32D5C4172803DEFF006AF5C9 /* rx_swift_playgroundUITestsLaunchTests.swift in Sources */,
			);
			runOnlyForDeploymentPostprocessing = 0;
		};
/* End PBXSourcesBuildPhase section */

/* Begin PBXTargetDependency section */
		32D5C4082803DEFF006AF5C9 /* PBXTargetDependency */ = {
			isa = PBXTargetDependency;
			target = 32D5C3EF2803DEFC006AF5C9 /* rx-swift-playground */;
			targetProxy = 32D5C4072803DEFF006AF5C9 /* PBXContainerItemProxy */;
		};
		32D5C4122803DEFF006AF5C9 /* PBXTargetDependency */ = {
			isa = PBXTargetDependency;
			target = 32D5C3EF2803DEFC006AF5C9 /* rx-swift-playground */;
			targetProxy = 32D5C4112803DEFF006AF5C9 /* PBXContainerItemProxy */;
		};
/* End PBXTargetDependency section */

/* Begin PBXVariantGroup section */
		32D5C3F92803DEFC006AF5C9 /* Main.storyboard */ = {
			isa = PBXVariantGroup;
			children = (
				32D5C3FA2803DEFC006AF5C9 /* Base */,
			);
			name = Main.storyboard;
			sourceTree = "<group>";
		};
		32D5C3FE2803DEFE006AF5C9 /* LaunchScreen.storyboard */ = {
			isa = PBXVariantGroup;
			children = (
				32D5C3FF2803DEFE006AF5C9 /* Base */,
			);
			name = LaunchScreen.storyboard;
			sourceTree = "<group>";
		};
/* End PBXVariantGroup section */

/* Begin XCBuildConfiguration section */
		32D5C4182803DEFF006AF5C9 /* Debug */ = {
			isa = XCBuildConfiguration;
			buildSettings = {
				ALWAYS_SEARCH_USER_PATHS = NO;
				CLANG_ANALYZER_NONNULL = YES;
				CLANG_ANALYZER_NUMBER_OBJECT_CONVERSION = YES_AGGRESSIVE;
				CLANG_CXX_LANGUAGE_STANDARD = "gnu++17";
				CLANG_CXX_LIBRARY = "libc++";
				CLANG_ENABLE_MODULES = YES;
				CLANG_ENABLE_OBJC_ARC = YES;
				CLANG_ENABLE_OBJC_WEAK = YES;
				CLANG_WARN_BLOCK_CAPTURE_AUTORELEASING = YES;
				CLANG_WARN_BOOL_CONVERSION = YES;
				CLANG_WARN_COMMA = YES;
				CLANG_WARN_CONSTANT_CONVERSION = YES;
				CLANG_WARN_DEPRECATED_OBJC_IMPLEMENTATIONS = YES;
				CLANG_WARN_DIRECT_OBJC_ISA_USAGE = YES_ERROR;
				CLANG_WARN_DOCUMENTATION_COMMENTS = YES;
				CLANG_WARN_EMPTY_BODY = YES;
				CLANG_WARN_ENUM_CONVERSION = YES;
				CLANG_WARN_INFINITE_RECURSION = YES;
				CLANG_WARN_INT_CONVERSION = YES;
				CLANG_WARN_NON_LITERAL_NULL_CONVERSION = YES;
				CLANG_WARN_OBJC_IMPLICIT_RETAIN_SELF = YES;
				CLANG_WARN_OBJC_LITERAL_CONVERSION = YES;
				CLANG_WARN_OBJC_ROOT_CLASS = YES_ERROR;
				CLANG_WARN_QUOTED_INCLUDE_IN_FRAMEWORK_HEADER = YES;
				CLANG_WARN_RANGE_LOOP_ANALYSIS = YES;
				CLANG_WARN_STRICT_PROTOTYPES = YES;
				CLANG_WARN_SUSPICIOUS_MOVE = YES;
				CLANG_WARN_UNGUARDED_AVAILABILITY = YES_AGGRESSIVE;
				CLANG_WARN_UNREACHABLE_CODE = YES;
				CLANG_WARN__DUPLICATE_METHOD_MATCH = YES;
				COPY_PHASE_STRIP = NO;
				DEBUG_INFORMATION_FORMAT = dwarf;
				ENABLE_STRICT_OBJC_MSGSEND = YES;
				ENABLE_TESTABILITY = YES;
				GCC_C_LANGUAGE_STANDARD = gnu11;
				GCC_DYNAMIC_NO_PIC = NO;
				GCC_NO_COMMON_BLOCKS = YES;
				GCC_OPTIMIZATION_LEVEL = 0;
				GCC_PREPROCESSOR_DEFINITIONS = (
					"DEBUG=1",
					"$(inherited)",
				);
				GCC_WARN_64_TO_32_BIT_CONVERSION = YES;
				GCC_WARN_ABOUT_RETURN_TYPE = YES_ERROR;
				GCC_WARN_UNDECLARED_SELECTOR = YES;
				GCC_WARN_UNINITIALIZED_AUTOS = YES_AGGRESSIVE;
				GCC_WARN_UNUSED_FUNCTION = YES;
				GCC_WARN_UNUSED_VARIABLE = YES;
				IPHONEOS_DEPLOYMENT_TARGET = 15.2;
				MTL_ENABLE_DEBUG_INFO = INCLUDE_SOURCE;
				MTL_FAST_MATH = YES;
				ONLY_ACTIVE_ARCH = YES;
				SDKROOT = iphoneos;
				SWIFT_ACTIVE_COMPILATION_CONDITIONS = DEBUG;
				SWIFT_OPTIMIZATION_LEVEL = "-Onone";
			};
			name = Debug;
		};
		32D5C4192803DEFF006AF5C9 /* Release */ = {
			isa = XCBuildConfiguration;
			buildSettings = {
				ALWAYS_SEARCH_USER_PATHS = NO;
				CLANG_ANALYZER_NONNULL = YES;
				CLANG_ANALYZER_NUMBER_OBJECT_CONVERSION = YES_AGGRESSIVE;
				CLANG_CXX_LANGUAGE_STANDARD = "gnu++17";
				CLANG_CXX_LIBRARY = "libc++";
				CLANG_ENABLE_MODULES = YES;
				CLANG_ENABLE_OBJC_ARC = YES;
				CLANG_ENABLE_OBJC_WEAK = YES;
				CLANG_WARN_BLOCK_CAPTURE_AUTORELEASING = YES;
				CLANG_WARN_BOOL_CONVERSION = YES;
				CLANG_WARN_COMMA = YES;
				CLANG_WARN_CONSTANT_CONVERSION = YES;
				CLANG_WARN_DEPRECATED_OBJC_IMPLEMENTATIONS = YES;
				CLANG_WARN_DIRECT_OBJC_ISA_USAGE = YES_ERROR;
				CLANG_WARN_DOCUMENTATION_COMMENTS = YES;
				CLANG_WARN_EMPTY_BODY = YES;
				CLANG_WARN_ENUM_CONVERSION = YES;
				CLANG_WARN_INFINITE_RECURSION = YES;
				CLANG_WARN_INT_CONVERSION = YES;
				CLANG_WARN_NON_LITERAL_NULL_CONVERSION = YES;
				CLANG_WARN_OBJC_IMPLICIT_RETAIN_SELF = YES;
				CLANG_WARN_OBJC_LITERAL_CONVERSION = YES;
				CLANG_WARN_OBJC_ROOT_CLASS = YES_ERROR;
				CLANG_WARN_QUOTED_INCLUDE_IN_FRAMEWORK_HEADER = YES;
				CLANG_WARN_RANGE_LOOP_ANALYSIS = YES;
				CLANG_WARN_STRICT_PROTOTYPES = YES;
				CLANG_WARN_SUSPICIOUS_MOVE = YES;
				CLANG_WARN_UNGUARDED_AVAILABILITY = YES_AGGRESSIVE;
				CLANG_WARN_UNREACHABLE_CODE = YES;
				CLANG_WARN__DUPLICATE_METHOD_MATCH = YES;
				COPY_PHASE_STRIP = NO;
				DEBUG_INFORMATION_FORMAT = "dwarf-with-dsym";
				ENABLE_NS_ASSERTIONS = NO;
				ENABLE_STRICT_OBJC_MSGSEND = YES;
				GCC_C_LANGUAGE_STANDARD = gnu11;
				GCC_NO_COMMON_BLOCKS = YES;
				GCC_WARN_64_TO_32_BIT_CONVERSION = YES;
				GCC_WARN_ABOUT_RETURN_TYPE = YES_ERROR;
				GCC_WARN_UNDECLARED_SELECTOR = YES;
				GCC_WARN_UNINITIALIZED_AUTOS = YES_AGGRESSIVE;
				GCC_WARN_UNUSED_FUNCTION = YES;
				GCC_WARN_UNUSED_VARIABLE = YES;
				IPHONEOS_DEPLOYMENT_TARGET = 15.2;
				MTL_ENABLE_DEBUG_INFO = NO;
				MTL_FAST_MATH = YES;
				SDKROOT = iphoneos;
				SWIFT_COMPILATION_MODE = wholemodule;
				SWIFT_OPTIMIZATION_LEVEL = "-O";
				VALIDATE_PRODUCT = YES;
			};
			name = Release;
		};
		32D5C41B2803DEFF006AF5C9 /* Debug */ = {
			isa = XCBuildConfiguration;
			baseConfigurationReference = D1DA0F6CF1B206B1E5375EEB /* Pods-rx-swift-playground.debug.xcconfig */;
			buildSettings = {
				ASSETCATALOG_COMPILER_APPICON_NAME = AppIcon;
				ASSETCATALOG_COMPILER_GLOBAL_ACCENT_COLOR_NAME = AccentColor;
				CODE_SIGN_STYLE = Automatic;
				CURRENT_PROJECT_VERSION = 1;
				DEVELOPMENT_TEAM = YPD3TP4P79;
				GENERATE_INFOPLIST_FILE = YES;
				INFOPLIST_FILE = "rx-swift-playground/Info.plist";
				INFOPLIST_KEY_UIApplicationSupportsIndirectInputEvents = YES;
				INFOPLIST_KEY_UILaunchStoryboardName = LaunchScreen;
				INFOPLIST_KEY_UIMainStoryboardFile = Main;
				INFOPLIST_KEY_UISupportedInterfaceOrientations_iPad = "UIInterfaceOrientationPortrait UIInterfaceOrientationPortraitUpsideDown UIInterfaceOrientationLandscapeLeft UIInterfaceOrientationLandscapeRight";
				INFOPLIST_KEY_UISupportedInterfaceOrientations_iPhone = "UIInterfaceOrientationPortrait UIInterfaceOrientationLandscapeLeft UIInterfaceOrientationLandscapeRight";
				LD_RUNPATH_SEARCH_PATHS = (
					"$(inherited)",
					"@executable_path/Frameworks",
				);
				MARKETING_VERSION = 1.0;
				PRODUCT_BUNDLE_IDENTIFIER = "com.ist.rx-swift-playground";
				PRODUCT_NAME = "$(TARGET_NAME)";
				SWIFT_EMIT_LOC_STRINGS = YES;
				SWIFT_VERSION = 5.0;
				TARGETED_DEVICE_FAMILY = "1,2";
			};
			name = Debug;
		};
		32D5C41C2803DEFF006AF5C9 /* Release */ = {
			isa = XCBuildConfiguration;
			baseConfigurationReference = 2A66A97CE4D525378097D6FE /* Pods-rx-swift-playground.release.xcconfig */;
			buildSettings = {
				ASSETCATALOG_COMPILER_APPICON_NAME = AppIcon;
				ASSETCATALOG_COMPILER_GLOBAL_ACCENT_COLOR_NAME = AccentColor;
				CODE_SIGN_STYLE = Automatic;
				CURRENT_PROJECT_VERSION = 1;
				DEVELOPMENT_TEAM = YPD3TP4P79;
				GENERATE_INFOPLIST_FILE = YES;
				INFOPLIST_FILE = "rx-swift-playground/Info.plist";
				INFOPLIST_KEY_UIApplicationSupportsIndirectInputEvents = YES;
				INFOPLIST_KEY_UILaunchStoryboardName = LaunchScreen;
				INFOPLIST_KEY_UIMainStoryboardFile = Main;
				INFOPLIST_KEY_UISupportedInterfaceOrientations_iPad = "UIInterfaceOrientationPortrait UIInterfaceOrientationPortraitUpsideDown UIInterfaceOrientationLandscapeLeft UIInterfaceOrientationLandscapeRight";
				INFOPLIST_KEY_UISupportedInterfaceOrientations_iPhone = "UIInterfaceOrientationPortrait UIInterfaceOrientationLandscapeLeft UIInterfaceOrientationLandscapeRight";
				LD_RUNPATH_SEARCH_PATHS = (
					"$(inherited)",
					"@executable_path/Frameworks",
				);
				MARKETING_VERSION = 1.0;
				PRODUCT_BUNDLE_IDENTIFIER = "com.ist.rx-swift-playground";
				PRODUCT_NAME = "$(TARGET_NAME)";
				SWIFT_EMIT_LOC_STRINGS = YES;
				SWIFT_VERSION = 5.0;
				TARGETED_DEVICE_FAMILY = "1,2";
			};
			name = Release;
		};
		32D5C41E2803DEFF006AF5C9 /* Debug */ = {
			isa = XCBuildConfiguration;
			baseConfigurationReference = 0C6AFFF0022B32220562C455 /* Pods-rx-swift-playground-rx-swift-playgroundTests.debug.xcconfig */;
			buildSettings = {
				ALWAYS_EMBED_SWIFT_STANDARD_LIBRARIES = YES;
				BUNDLE_LOADER = "$(TEST_HOST)";
				CODE_SIGN_STYLE = Automatic;
				CURRENT_PROJECT_VERSION = 1;
				DEVELOPMENT_TEAM = YPD3TP4P79;
				GENERATE_INFOPLIST_FILE = YES;
				IPHONEOS_DEPLOYMENT_TARGET = 15.2;
				MARKETING_VERSION = 1.0;
				PRODUCT_BUNDLE_IDENTIFIER = "com.ist.rx-swift-playgroundTests";
				PRODUCT_NAME = "$(TARGET_NAME)";
				SWIFT_EMIT_LOC_STRINGS = NO;
				SWIFT_VERSION = 5.0;
				TARGETED_DEVICE_FAMILY = "1,2";
				TEST_HOST = "$(BUILT_PRODUCTS_DIR)/rx-swift-playground.app/rx-swift-playground";
			};
			name = Debug;
		};
		32D5C41F2803DEFF006AF5C9 /* Release */ = {
			isa = XCBuildConfiguration;
			baseConfigurationReference = F55BB2BF92D54D4A6E00C8BF /* Pods-rx-swift-playground-rx-swift-playgroundTests.release.xcconfig */;
			buildSettings = {
				ALWAYS_EMBED_SWIFT_STANDARD_LIBRARIES = YES;
				BUNDLE_LOADER = "$(TEST_HOST)";
				CODE_SIGN_STYLE = Automatic;
				CURRENT_PROJECT_VERSION = 1;
				DEVELOPMENT_TEAM = YPD3TP4P79;
				GENERATE_INFOPLIST_FILE = YES;
				IPHONEOS_DEPLOYMENT_TARGET = 15.2;
				MARKETING_VERSION = 1.0;
				PRODUCT_BUNDLE_IDENTIFIER = "com.ist.rx-swift-playgroundTests";
				PRODUCT_NAME = "$(TARGET_NAME)";
				SWIFT_EMIT_LOC_STRINGS = NO;
				SWIFT_VERSION = 5.0;
				TARGETED_DEVICE_FAMILY = "1,2";
				TEST_HOST = "$(BUILT_PRODUCTS_DIR)/rx-swift-playground.app/rx-swift-playground";
			};
			name = Release;
		};
		32D5C4212803DEFF006AF5C9 /* Debug */ = {
			isa = XCBuildConfiguration;
			buildSettings = {
				ALWAYS_EMBED_SWIFT_STANDARD_LIBRARIES = YES;
				CODE_SIGN_STYLE = Automatic;
				CURRENT_PROJECT_VERSION = 1;
				DEVELOPMENT_TEAM = YPD3TP4P79;
				GENERATE_INFOPLIST_FILE = YES;
				MARKETING_VERSION = 1.0;
				PRODUCT_BUNDLE_IDENTIFIER = "com.ist.rx-swift-playgroundUITests";
				PRODUCT_NAME = "$(TARGET_NAME)";
				SWIFT_EMIT_LOC_STRINGS = NO;
				SWIFT_VERSION = 5.0;
				TARGETED_DEVICE_FAMILY = "1,2";
				TEST_TARGET_NAME = "rx-swift-playground";
			};
			name = Debug;
		};
		32D5C4222803DEFF006AF5C9 /* Release */ = {
			isa = XCBuildConfiguration;
			buildSettings = {
				ALWAYS_EMBED_SWIFT_STANDARD_LIBRARIES = YES;
				CODE_SIGN_STYLE = Automatic;
				CURRENT_PROJECT_VERSION = 1;
				DEVELOPMENT_TEAM = YPD3TP4P79;
				GENERATE_INFOPLIST_FILE = YES;
				MARKETING_VERSION = 1.0;
				PRODUCT_BUNDLE_IDENTIFIER = "com.ist.rx-swift-playgroundUITests";
				PRODUCT_NAME = "$(TARGET_NAME)";
				SWIFT_EMIT_LOC_STRINGS = NO;
				SWIFT_VERSION = 5.0;
				TARGETED_DEVICE_FAMILY = "1,2";
				TEST_TARGET_NAME = "rx-swift-playground";
			};
			name = Release;
		};
/* End XCBuildConfiguration section */

/* Begin XCConfigurationList section */
		32D5C3EB2803DEFC006AF5C9 /* Build configuration list for PBXProject "rx-swift-playground" */ = {
			isa = XCConfigurationList;
			buildConfigurations = (
				32D5C4182803DEFF006AF5C9 /* Debug */,
				32D5C4192803DEFF006AF5C9 /* Release */,
			);
			defaultConfigurationIsVisible = 0;
			defaultConfigurationName = Release;
		};
		32D5C41A2803DEFF006AF5C9 /* Build configuration list for PBXNativeTarget "rx-swift-playground" */ = {
			isa = XCConfigurationList;
			buildConfigurations = (
				32D5C41B2803DEFF006AF5C9 /* Debug */,
				32D5C41C2803DEFF006AF5C9 /* Release */,
			);
			defaultConfigurationIsVisible = 0;
			defaultConfigurationName = Release;
		};
		32D5C41D2803DEFF006AF5C9 /* Build configuration list for PBXNativeTarget "rx-swift-playgroundTests" */ = {
			isa = XCConfigurationList;
			buildConfigurations = (
				32D5C41E2803DEFF006AF5C9 /* Debug */,
				32D5C41F2803DEFF006AF5C9 /* Release */,
			);
			defaultConfigurationIsVisible = 0;
			defaultConfigurationName = Release;
		};
		32D5C4202803DEFF006AF5C9 /* Build configuration list for PBXNativeTarget "rx-swift-playgroundUITests" */ = {
			isa = XCConfigurationList;
			buildConfigurations = (
				32D5C4212803DEFF006AF5C9 /* Debug */,
				32D5C4222803DEFF006AF5C9 /* Release */,
			);
			defaultConfigurationIsVisible = 0;
			defaultConfigurationName = Release;
		};
/* End XCConfigurationList section */
	};
	rootObject = 32D5C3E82803DEFC006AF5C9 /* Project object */;
}
